// !$*UTF8*$!
{
	archiveVersion = 1;
	classes = {
	};
	objectVersion = 48;
	objects = {

/* Begin PBXBuildFile section */
		4C50019D1FF56D0A0003C52C /* Utility.swift in Sources */ = {isa = PBXBuildFile; fileRef = 4C50019C1FF56D0A0003C52C /* Utility.swift */; };
		4C7024AA1FF2BB610080CFBD /* AppDelegate.swift in Sources */ = {isa = PBXBuildFile; fileRef = 4C7024A91FF2BB610080CFBD /* AppDelegate.swift */; };
		4C7024AC1FF2BB610080CFBD /* ViewController.swift in Sources */ = {isa = PBXBuildFile; fileRef = 4C7024AB1FF2BB610080CFBD /* ViewController.swift */; };
		4C7024AF1FF2BB610080CFBD /* Main.storyboard in Resources */ = {isa = PBXBuildFile; fileRef = 4C7024AD1FF2BB610080CFBD /* Main.storyboard */; };
		4C7024B11FF2BB610080CFBD /* Assets.xcassets in Resources */ = {isa = PBXBuildFile; fileRef = 4C7024B01FF2BB610080CFBD /* Assets.xcassets */; };
		4C7024B41FF2BB610080CFBD /* LaunchScreen.storyboard in Resources */ = {isa = PBXBuildFile; fileRef = 4C7024B21FF2BB610080CFBD /* LaunchScreen.storyboard */; };
		4C7024BE1FF2D83C0080CFBD /* AboutVC.swift in Sources */ = {isa = PBXBuildFile; fileRef = 4C7024BD1FF2D83C0080CFBD /* AboutVC.swift */; };
		4C7024C01FF2D86E0080CFBD /* HomeVC.swift in Sources */ = {isa = PBXBuildFile; fileRef = 4C7024BF1FF2D86E0080CFBD /* HomeVC.swift */; };
		4C7024C21FF2D8830080CFBD /* PostDetailVC.swift in Sources */ = {isa = PBXBuildFile; fileRef = 4C7024C11FF2D8830080CFBD /* PostDetailVC.swift */; };
/* End PBXBuildFile section */

/* Begin PBXFileReference section */
		4C50019C1FF56D0A0003C52C /* Utility.swift */ = {isa = PBXFileReference; lastKnownFileType = sourcecode.swift; path = Utility.swift; sourceTree = "<group>"; };
		4C7024A61FF2BB600080CFBD /* G59L8.app */ = {isa = PBXFileReference; explicitFileType = wrapper.application; includeInIndex = 0; path = G59L8.app; sourceTree = BUILT_PRODUCTS_DIR; };
		4C7024A91FF2BB610080CFBD /* AppDelegate.swift */ = {isa = PBXFileReference; lastKnownFileType = sourcecode.swift; path = AppDelegate.swift; sourceTree = "<group>"; };
		4C7024AB1FF2BB610080CFBD /* ViewController.swift */ = {isa = PBXFileReference; lastKnownFileType = sourcecode.swift; path = ViewController.swift; sourceTree = "<group>"; };
		4C7024AE1FF2BB610080CFBD /* Base */ = {isa = PBXFileReference; lastKnownFileType = file.storyboard; name = Base; path = Base.lproj/Main.storyboard; sourceTree = "<group>"; };
		4C7024B01FF2BB610080CFBD /* Assets.xcassets */ = {isa = PBXFileReference; lastKnownFileType = folder.assetcatalog; path = Assets.xcassets; sourceTree = "<group>"; };
		4C7024B31FF2BB610080CFBD /* Base */ = {isa = PBXFileReference; lastKnownFileType = file.storyboard; name = Base; path = Base.lproj/LaunchScreen.storyboard; sourceTree = "<group>"; };
		4C7024B51FF2BB610080CFBD /* Info.plist */ = {isa = PBXFileReference; lastKnownFileType = text.plist.xml; path = Info.plist; sourceTree = "<group>"; };
		4C7024BD1FF2D83C0080CFBD /* AboutVC.swift */ = {isa = PBXFileReference; lastKnownFileType = sourcecode.swift; path = AboutVC.swift; sourceTree = "<group>"; };
		4C7024BF1FF2D86E0080CFBD /* HomeVC.swift */ = {isa = PBXFileReference; lastKnownFileType = sourcecode.swift; path = HomeVC.swift; sourceTree = "<group>"; };
		4C7024C11FF2D8830080CFBD /* PostDetailVC.swift */ = {isa = PBXFileReference; lastKnownFileType = sourcecode.swift; path = PostDetailVC.swift; sourceTree = "<group>"; };
/* End PBXFileReference section */

/* Begin PBXFrameworksBuildPhase section */
		4C7024A31FF2BB600080CFBD /* Frameworks */ = {
			isa = PBXFrameworksBuildPhase;
			buildActionMask = 2147483647;
			files = (
			);
			runOnlyForDeploymentPostprocessing = 0;
		};
/* End PBXFrameworksBuildPhase section */

/* Begin PBXGroup section */
		4C70249D1FF2BB600080CFBD = {
			isa = PBXGroup;
			children = (
				4C7024A81FF2BB600080CFBD /* G59L8 */,
				4C7024A71FF2BB600080CFBD /* Products */,
			);
			sourceTree = "<group>";
		};
		4C7024A71FF2BB600080CFBD /* Products */ = {
			isa = PBXGroup;
			children = (
				4C7024A61FF2BB600080CFBD /* G59L8.app */,
			);
			name = Products;
			sourceTree = "<group>";
		};
		4C7024A81FF2BB600080CFBD /* G59L8 */ = {
			isa = PBXGroup;
			children = (
				4C7024AD1FF2BB610080CFBD /* Main.storyboard */,
				4C7024A91FF2BB610080CFBD /* AppDelegate.swift */,
				4C7024BB1FF2D7A00080CFBD /* Controller */,
				4C7024BC1FF2D7B70080CFBD /* View */,
				4C7024B01FF2BB610080CFBD /* Assets.xcassets */,
				4C7024B21FF2BB610080CFBD /* LaunchScreen.storyboard */,
				4C7024B51FF2BB610080CFBD /* Info.plist */,
			);
			path = G59L8;
			sourceTree = "<group>";
		};
		4C7024BB1FF2D7A00080CFBD /* Controller */ = {
			isa = PBXGroup;
			children = (
				4C7024AB1FF2BB610080CFBD /* ViewController.swift */,
				4C7024BD1FF2D83C0080CFBD /* AboutVC.swift */,
				4C7024BF1FF2D86E0080CFBD /* HomeVC.swift */,
				4C7024C11FF2D8830080CFBD /* PostDetailVC.swift */,
				4C50019C1FF56D0A0003C52C /* Utility.swift */,
			);
			path = Controller;
			sourceTree = "<group>";
		};
		4C7024BC1FF2D7B70080CFBD /* View */ = {
			isa = PBXGroup;
			children = (
			);
			path = View;
			sourceTree = "<group>";
		};
/* End PBXGroup section */

/* Begin PBXNativeTarget section */
		4C7024A51FF2BB600080CFBD /* G59L8 */ = {
			isa = PBXNativeTarget;
			buildConfigurationList = 4C7024B81FF2BB610080CFBD /* Build configuration list for PBXNativeTarget "G59L8" */;
			buildPhases = (
				4C7024A21FF2BB600080CFBD /* Sources */,
				4C7024A31FF2BB600080CFBD /* Frameworks */,
				4C7024A41FF2BB600080CFBD /* Resources */,
			);
			buildRules = (
			);
			dependencies = (
			);
			name = G59L8;
			productName = G59L8;
			productReference = 4C7024A61FF2BB600080CFBD /* G59L8.app */;
			productType = "com.apple.product-type.application";
		};
/* End PBXNativeTarget section */

/* Begin PBXProject section */
		4C70249E1FF2BB600080CFBD /* Project object */ = {
			isa = PBXProject;
			attributes = {
				LastSwiftUpdateCheck = 0920;
				LastUpgradeCheck = 0920;
				ORGANIZATIONNAME = RockSoft;
				TargetAttributes = {
					4C7024A51FF2BB600080CFBD = {
						CreatedOnToolsVersion = 9.2;
						ProvisioningStyle = Automatic;
					};
				};
			};
			buildConfigurationList = 4C7024A11FF2BB600080CFBD /* Build configuration list for PBXProject "G59L8" */;
			compatibilityVersion = "Xcode 8.0";
			developmentRegion = en;
			hasScannedForEncodings = 0;
			knownRegions = (
				en,
				Base,
			);
			mainGroup = 4C70249D1FF2BB600080CFBD;
			productRefGroup = 4C7024A71FF2BB600080CFBD /* Products */;
			projectDirPath = "";
			projectRoot = "";
			targets = (
				4C7024A51FF2BB600080CFBD /* G59L8 */,
			);
		};
/* End PBXProject section */

/* Begin PBXResourcesBuildPhase section */
		4C7024A41FF2BB600080CFBD /* Resources */ = {
			isa = PBXResourcesBuildPhase;
			buildActionMask = 2147483647;
			files = (
				4C7024B41FF2BB610080CFBD /* LaunchScreen.storyboard in Resources */,
				4C7024B11FF2BB610080CFBD /* Assets.xcassets in Resources */,
				4C7024AF1FF2BB610080CFBD /* Main.storyboard in Resources */,
			);
			runOnlyForDeploymentPostprocessing = 0;
		};
/* End PBXResourcesBuildPhase section */

/* Begin PBXSourcesBuildPhase section */
		4C7024A21FF2BB600080CFBD /* Sources */ = {
			isa = PBXSourcesBuildPhase;
			buildActionMask = 2147483647;
			files = (
				4C7024AC1FF2BB610080CFBD /* ViewController.swift in Sources */,
				4C7024C01FF2D86E0080CFBD /* HomeVC.swift in Sources */,
				4C50019D1FF56D0A0003C52C /* Utility.swift in Sources */,
				4C7024C21FF2D8830080CFBD /* PostDetailVC.swift in Sources */,
				4C7024AA1FF2BB610080CFBD /* AppDelegate.swift in Sources */,
				4C7024BE1FF2D83C0080CFBD /* AboutVC.swift in Sources */,
			);
			runOnlyForDeploymentPostprocessing = 0;
		};
/* End PBXSourcesBuildPhase section */

/* Begin PBXVariantGroup section */
		4C7024AD1FF2BB610080CFBD /* Main.storyboard */ = {
			isa = PBXVariantGroup;
			children = (
				4C7024AE1FF2BB610080CFBD /* Base */,
			);
			name = Main.storyboard;
			sourceTree = "<group>";
		};
		4C7024B21FF2BB610080CFBD /* LaunchScreen.storyboard */ = {
			isa = PBXVariantGroup;
			children = (
				4C7024B31FF2BB610080CFBD /* Base */,
			);
			name = LaunchScreen.storyboard;
			sourceTree = "<group>";
		};
/* End PBXVariantGroup section */

/* Begin XCBuildConfiguration section */
		4C7024B61FF2BB610080CFBD /* Debug */ = {
			isa = XCBuildConfiguration;
			buildSettings = {
				ALWAYS_SEARCH_USER_PATHS = NO;
				CLANG_ANALYZER_NONNULL = YES;
				CLANG_ANALYZER_NUMBER_OBJECT_CONVERSION = YES_AGGRESSIVE;
				CLANG_CXX_LANGUAGE_STANDARD = "gnu++14";
				CLANG_CXX_LIBRARY = "libc++";
				CLANG_ENABLE_MODULES = YES;
				CLANG_ENABLE_OBJC_ARC = YES;
				CLANG_WARN_BLOCK_CAPTURE_AUTORELEASING = YES;
				CLANG_WARN_BOOL_CONVERSION = YES;
				CLANG_WARN_COMMA = YES;
				CLANG_WARN_CONSTANT_CONVERSION = YES;
				CLANG_WARN_DIRECT_OBJC_ISA_USAGE = YES_ERROR;
				CLANG_WARN_DOCUMENTATION_COMMENTS = YES;
				CLANG_WARN_EMPTY_BODY = YES;
				CLANG_WARN_ENUM_CONVERSION = YES;
				CLANG_WARN_INFINITE_RECURSION = YES;
				CLANG_WARN_INT_CONVERSION = YES;
				CLANG_WARN_NON_LITERAL_NULL_CONVERSION = YES;
				CLANG_WARN_OBJC_LITERAL_CONVERSION = YES;
				CLANG_WARN_OBJC_ROOT_CLASS = YES_ERROR;
				CLANG_WARN_RANGE_LOOP_ANALYSIS = YES;
				CLANG_WARN_STRICT_PROTOTYPES = YES;
				CLANG_WARN_SUSPICIOUS_MOVE = YES;
				CLANG_WARN_UNGUARDED_AVAILABILITY = YES_AGGRESSIVE;
				CLANG_WARN_UNREACHABLE_CODE = YES;
				CLANG_WARN__DUPLICATE_METHOD_MATCH = YES;
				CODE_SIGN_IDENTITY = "iPhone Developer";
				COPY_PHASE_STRIP = NO;
				DEBUG_INFORMATION_FORMAT = dwarf;
				ENABLE_STRICT_OBJC_MSGSEND = YES;
				ENABLE_TESTABILITY = YES;
				GCC_C_LANGUAGE_STANDARD = gnu11;
				GCC_DYNAMIC_NO_PIC = NO;
				GCC_NO_COMMON_BLOCKS = YES;
				GCC_OPTIMIZATION_LEVEL = 0;
				GCC_PREPROCESSOR_DEFINITIONS = (
					"DEBUG=1",
					"$(inherited)",
				);
				GCC_WARN_64_TO_32_BIT_CONVERSION = YES;
				GCC_WARN_ABOUT_RETURN_TYPE = YES_ERROR;
				GCC_WARN_UNDECLARED_SELECTOR = YES;
				GCC_WARN_UNINITIALIZED_AUTOS = YES_AGGRESSIVE;
				GCC_WARN_UNUSED_FUNCTION = YES;
				GCC_WARN_UNUSED_VARIABLE = YES;
				IPHONEOS_DEPLOYMENT_TARGET = 11.2;
				MTL_ENABLE_DEBUG_INFO = YES;
				ONLY_ACTIVE_ARCH = YES;
				SDKROOT = iphoneos;
				SWIFT_ACTIVE_COMPILATION_CONDITIONS = DEBUG;
				SWIFT_OPTIMIZATION_LEVEL = "-Onone";
			};
			name = Debug;
		};
		4C7024B71FF2BB610080CFBD /* Release */ = {
			isa = XCBuildConfiguration;
			buildSettings = {
				ALWAYS_SEARCH_USER_PATHS = NO;
				CLANG_ANALYZER_NONNULL = YES;
				CLANG_ANALYZER_NUMBER_OBJECT_CONVERSION = YES_AGGRESSIVE;
				CLANG_CXX_LANGUAGE_STANDARD = "gnu++14";
				CLANG_CXX_LIBRARY = "libc++";
				CLANG_ENABLE_MODULES = YES;
				CLANG_ENABLE_OBJC_ARC = YES;
				CLANG_WARN_BLOCK_CAPTURE_AUTORELEASING = YES;
				CLANG_WARN_BOOL_CONVERSION = YES;
				CLANG_WARN_COMMA = YES;
				CLANG_WARN_CONSTANT_CONVERSION = YES;
				CLANG_WARN_DIRECT_OBJC_ISA_USAGE = YES_ERROR;
				CLANG_WARN_DOCUMENTATION_COMMENTS = YES;
				CLANG_WARN_EMPTY_BODY = YES;
				CLANG_WARN_ENUM_CONVERSION = YES;
				CLANG_WARN_INFINITE_RECURSION = YES;
				CLANG_WARN_INT_CONVERSION = YES;
				CLANG_WARN_NON_LITERAL_NULL_CONVERSION = YES;
				CLANG_WARN_OBJC_LITERAL_CONVERSION = YES;
				CLANG_WARN_OBJC_ROOT_CLASS = YES_ERROR;
				CLANG_WARN_RANGE_LOOP_ANALYSIS = YES;
				CLANG_WARN_STRICT_PROTOTYPES = YES;
				CLANG_WARN_SUSPICIOUS_MOVE = YES;
				CLANG_WARN_UNGUARDED_AVAILABILITY = YES_AGGRESSIVE;
				CLANG_WARN_UNREACHABLE_CODE = YES;
				CLANG_WARN__DUPLICATE_METHOD_MATCH = YES;
				CODE_SIGN_IDENTITY = "iPhone Developer";
				COPY_PHASE_STRIP = NO;
				DEBUG_INFORMATION_FORMAT = "dwarf-with-dsym";
				ENABLE_NS_ASSERTIONS = NO;
				ENABLE_STRICT_OBJC_MSGSEND = YES;
				GCC_C_LANGUAGE_STANDARD = gnu11;
				GCC_NO_COMMON_BLOCKS = YES;
				GCC_WARN_64_TO_32_BIT_CONVERSION = YES;
				GCC_WARN_ABOUT_RETURN_TYPE = YES_ERROR;
				GCC_WARN_UNDECLARED_SELECTOR = YES;
				GCC_WARN_UNINITIALIZED_AUTOS = YES_AGGRESSIVE;
				GCC_WARN_UNUSED_FUNCTION = YES;
				GCC_WARN_UNUSED_VARIABLE = YES;
				IPHONEOS_DEPLOYMENT_TARGET = 11.2;
				MTL_ENABLE_DEBUG_INFO = NO;
				SDKROOT = iphoneos;
				SWIFT_OPTIMIZATION_LEVEL = "-Owholemodule";
				VALIDATE_PRODUCT = YES;
			};
			name = Release;
		};
		4C7024B91FF2BB610080CFBD /* Debug */ = {
			isa = XCBuildConfiguration;
			buildSettings = {
				ASSETCATALOG_COMPILER_APPICON_NAME = AppIcon;
				CODE_SIGN_STYLE = Automatic;
				DEVELOPMENT_TEAM = T6XM5LZMCJ;
				INFOPLIST_FILE = G59L8/Info.plist;
				LD_RUNPATH_SEARCH_PATHS = "$(inherited) @executable_path/Frameworks";
				PRODUCT_BUNDLE_IDENTIFIER = RockSoft.G59L8;
				PRODUCT_NAME = "$(TARGET_NAME)";
				SWIFT_VERSION = 4.0;
				TARGETED_DEVICE_FAMILY = "1,2";
			};
			name = Debug;
		};
		4C7024BA1FF2BB610080CFBD /* Release */ = {
			isa = XCBuildConfiguration;
			buildSettings = {
				ASSETCATALOG_COMPILER_APPICON_NAME = AppIcon;
				CODE_SIGN_STYLE = Automatic;
				DEVELOPMENT_TEAM = T6XM5LZMCJ;
				INFOPLIST_FILE = G59L8/Info.plist;
				LD_RUNPATH_SEARCH_PATHS = "$(inherited) @executable_path/Frameworks";
				PRODUCT_BUNDLE_IDENTIFIER = RockSoft.G59L8;
				PRODUCT_NAME = "$(TARGET_NAME)";
				SWIFT_VERSION = 4.0;
				TARGETED_DEVICE_FAMILY = "1,2";
			};
			name = Release;
		};
/* End XCBuildConfiguration section */

/* Begin XCConfigurationList section */
		4C7024A11FF2BB600080CFBD /* Build configuration list for PBXProject "G59L8" */ = {
			isa = XCConfigurationList;
			buildConfigurations = (
				4C7024B61FF2BB610080CFBD /* Debug */,
				4C7024B71FF2BB610080CFBD /* Release */,
			);
			defaultConfigurationIsVisible = 0;
			defaultConfigurationName = Release;
		};
		4C7024B81FF2BB610080CFBD /* Build configuration list for PBXNativeTarget "G59L8" */ = {
			isa = XCConfigurationList;
			buildConfigurations = (
				4C7024B91FF2BB610080CFBD /* Debug */,
				4C7024BA1FF2BB610080CFBD /* Release */,
			);
			defaultConfigurationIsVisible = 0;
			defaultConfigurationName = Release;
		};
/* End XCConfigurationList section */
	};
	rootObject = 4C70249E1FF2BB600080CFBD /* Project object */;
}
